{
    "version": "0.5",
    "requires": [
        "zlib/1.3.1#af8f2ef3d8e0fddf1975281d7fe43bf6%1705999193.687",
        "websocketpp/0.8.2#842a0419153a8aa52f3ea3a1da557d38%1695972005.713",
        "tinygltf/2.5.0#65c28d0a4c3cbd4ef92b08b59df769da%1701621757.442",
        "termcap/1.3.1#1986f84bf21dd07ea774b027a3201fcb%1678542508.75",
        "swig/4.1.1#2bb5c79321cbb05bcab525c690d9bf74%1716336914.081294",
        "stb/cci.20230920#9792498b81cf34a90138d239e36b0bf8%1700546289.605",
        "sqlite3/3.38.5#4b875d4249cdfb4c1235e6b3ea6c18e7%1676251415.466",
        "ruby/3.2.2#e349279c358fd8f54d83446a3af8ecfe%1718616192.725",
        "readline/8.2#5618fbfed2466d9dc0fa8834faf06a6a%1702837438.071",
        "pugixml/1.12.1#d0378a7e4e32d2d379c3a272269e4330%1691917297.122",
        "pcre2/10.42#74a354d74d291503aadffe6453d976f5%1694473548.558",
        "openssl/3.1.0#adb90207a855ebfe1f1caa88b39c4fe0%1696808387.085",
        "nlohmann_json/3.11.3#45828be26eb619a2e04ca517bb7b828d%1701220705.259",
        "minizip/1.2.13#75d20b6a37ef70126334467f61acadde%1694478425.47",
        "libyaml/0.2.5#67a8e4c752b3a452c4796ddc90589f74%1676469565.275",
        "libxslt/1.1.37#8c0548495527cea12de08ad6212fc3ce%1703714812.414",
        "libxml2/2.11.6#41c14895baba105865cb22ecaf948115%1703682489.517",
        "libiconv/1.17#9d9082101394d053c67e95d3bc9f1e78%1701083487.832",
        "libgettext/0.22#2c87563d7a69544dd9379f038aca3b0b%1692434363.136",
        "libffi/3.4.4#35eb63842b505824b70aedc1baefc916%1682741110.044",
        "libbacktrace/cci.20210118#ec1aa63bbc10145c6a299e68e711670c%1676205469.545",
        "jsoncpp/1.9.5#9d91be1604af36ced56ae89ee65d53e0%1673844106.486",
        "gtest/1.14.0#4372c5aed2b4018ed9f9da3e218d18b3%1691143988.385",
        "gmp/6.3.0#df20ffb6d21c34d67704305bcd1dea9e%1698225617.026",
        "geographiclib/1.52#924902501fa76987856594495c1d42bc%1698736427.151",
        "fmt/9.1.0#551bb6d903fc22780392707fed0efb18%1704167365.696",
        "cpprestsdk/2.10.19#889c41bf66e2838146eec76e3f22af8d%1701762308.51",
        "cli11/2.3.2#1424b9b1d9e3682a7122f415b078b4d7%1689507488.926",
        "bzip2/1.0.8#457c272f7da34cb9c67456dd217d36c4%1703591832.799",
        "boost/1.79.0#d8a5b9e748e4152d6f489d7d87a1f129%1706000284.647",
        "benchmark/1.8.3#2b95dcd66432d8ea28c5ac4db0be2fb2%1693521845.265"
    ],
    "build_requires": [
        "yasm/1.3.0#fb800a15413dca19bfaef9e4b5d50694%1676208399.011",
        "winflexbison/2.5.25#6b08309e90720974e49b4cf745242e64%1695252638.759",
        "strawberryperl/5.32.1.1#8f83d05a60363a422f9033e52d106b47%1666134191.176",
        "pkgconf/2.1.0#27f44583701117b571307cf5b5fe5605%1701537936.436",
        "ninja/1.11.1#77587f8c8318662ac8e5a7867eb4be21%1684431244.21",
        "nasm/2.15.05#058c93b2214a49ca1cfe9f8f26205568%1703550024.076",
        "msys2/cci.latest#5a31efa2bde593541fd5ac3bcc50c01c%1699871190.424",
        "meson/1.2.2#aace9dcc1db58fa42ecb5292f724092d%1695994576.349",
        "m4/1.4.19#b38ced39a01e31fef5435bc634461fd2%1700758725.451",
        "flex/2.6.4#e35bc44b3fcbcd661e0af0dc5b5b1ad4%1674818991.113",
        "cmake/3.28.1#92f79424d7b65b12a84a2180866c3a78%1703679314.116",
        "cccl/1.3#6c9fc62128a11c1805de5dff1a1a0639%1668808540.988",
        "bison/3.8.2#ed1ba0c42d2ab7ab64fc3a62e9ecc673%1688556312.342",
        "b2/4.10.1#1b290403d8648c79f468f5a6496f829a%1699871262.816",
        "automake/1.16.5#058bda3e21c36c9aa8425daf3c1faf50%1688481772.751",
        "autoconf/2.71#53be95d228b2dcb30dc199cb84262d8f%1693395343.513"
    ],
    "python_requires": [],
    "overrides": {
        "boost/1.83.0": [
            "boost/1.79.0#d8a5b9e748e4152d6f489d7d87a1f129"
        ]
    },
    "config_requires": []
}